
Microsoft Visual Studio Solution File, Format Version 12.00
# Visual Studio Version 17
VisualStudioVersion = 17.0.31521.260
MinimumVisualStudioVersion = 15.0.26124.0
Project("{9A19103F-16F7-4668-BE54-9A1E7A4F7556}") = "RenderingWithShapes", "RenderingWithShapes\RenderingWithShapes.csproj", "{42A3A9AE-D044-4158-959D-4CA016DF21AE}"
EndProject
Project("{9A19103F-16F7-4668-BE54-9A1E7A4F7556}") = "RenderingWithVisuals", "RenderingWithVisuals\RenderingWithVisuals.csproj", "{23D2D689-D136-46AD-9F9D-C1C091C72D50}"
EndProject
Project("{9A19103F-16F7-4668-BE54-9A1E7A4F7556}") = "FunWithTransforms", "FunWithTransforms\FunWithTransforms.csproj", "{F5770D5D-4188-427D-A76F-DBDC7A3932A4}"
EndProject
Project("{9A19103F-16F7-4668-BE54-9A1E7A4F7556}") = "InteractiveLaserSign", "InteractiveLaserSign\InteractiveLaserSign.csproj", "{A6323F09-F44C-4279-9646-003A919BFB84}"
EndProject
Project("{2150E333-8FDC-42A3-9474-1A3956D46DE8}") = "Solution Items", "Solution Items", "{45FC0FDD-32BC-4B19-A55F-F56484EBC901}"
	ProjectSection(SolutionItems) = preProject
		CreateSolutionAndProject.cmd = CreateSolutionAndProject.cmd
		LaserSign.oxps = LaserSign.oxps
		LaserSign.svg = LaserSign.svg
		Warning.svg = Warning.svg
	EndProjectSection
EndProject
Global
	GlobalSection(SolutionConfigurationPlatforms) = preSolution
		Debug|Any CPU = Debug|Any CPU
		Debug|x64 = Debug|x64
		Debug|x86 = Debug|x86
		Release|Any CPU = Release|Any CPU
		Release|x64 = Release|x64
		Release|x86 = Release|x86
	EndGlobalSection
	GlobalSection(ProjectConfigurationPlatforms) = postSolution
		{42A3A9AE-D044-4158-959D-4CA016DF21AE}.Debug|Any CPU.ActiveCfg = Debug|Any CPU
		{42A3A9AE-D044-4158-959D-4CA016DF21AE}.Debug|Any CPU.Build.0 = Debug|Any CPU
		{42A3A9AE-D044-4158-959D-4CA016DF21AE}.Debug|x64.ActiveCfg = Debug|Any CPU
		{42A3A9AE-D044-4158-959D-4CA016DF21AE}.Debug|x64.Build.0 = Debug|Any CPU
		{42A3A9AE-D044-4158-959D-4CA016DF21AE}.Debug|x86.ActiveCfg = Debug|Any CPU
		{42A3A9AE-D044-4158-959D-4CA016DF21AE}.Debug|x86.Build.0 = Debug|Any CPU
		{42A3A9AE-D044-4158-959D-4CA016DF21AE}.Release|Any CPU.ActiveCfg = Release|Any CPU
		{42A3A9AE-D044-4158-959D-4CA016DF21AE}.Release|Any CPU.Build.0 = Release|Any CPU
		{42A3A9AE-D044-4158-959D-4CA016DF21AE}.Release|x64.ActiveCfg = Release|Any CPU
		{42A3A9AE-D044-4158-959D-4CA016DF21AE}.Release|x64.Build.0 = Release|Any CPU
		{42A3A9AE-D044-4158-959D-4CA016DF21AE}.Release|x86.ActiveCfg = Release|Any CPU
		{42A3A9AE-D044-4158-959D-4CA016DF21AE}.Release|x86.Build.0 = Release|Any CPU
		{23D2D689-D136-46AD-9F9D-C1C091C72D50}.Debug|Any CPU.ActiveCfg = Debug|Any CPU
		{23D2D689-D136-46AD-9F9D-C1C091C72D50}.Debug|Any CPU.Build.0 = Debug|Any CPU
		{23D2D689-D136-46AD-9F9D-C1C091C72D50}.Debug|x64.ActiveCfg = Debug|Any CPU
		{23D2D689-D136-46AD-9F9D-C1C091C72D50}.Debug|x64.Build.0 = Debug|Any CPU
		{23D2D689-D136-46AD-9F9D-C1C091C72D50}.Debug|x86.ActiveCfg = Debug|Any CPU
		{23D2D689-D136-46AD-9F9D-C1C091C72D50}.Debug|x86.Build.0 = Debug|Any CPU
		{23D2D689-D136-46AD-9F9D-C1C091C72D50}.Release|Any CPU.ActiveCfg = Release|Any CPU
		{23D2D689-D136-46AD-9F9D-C1C091C72D50}.Release|Any CPU.Build.0 = Release|Any CPU
		{23D2D689-D136-46AD-9F9D-C1C091C72D50}.Release|x64.ActiveCfg = Release|Any CPU
		{23D2D689-D136-46AD-9F9D-C1C091C72D50}.Release|x64.Build.0 = Release|Any CPU
		{23D2D689-D136-46AD-9F9D-C1C091C72D50}.Release|x86.ActiveCfg = Release|Any CPU
		{23D2D689-D136-46AD-9F9D-C1C091C72D50}.Release|x86.Build.0 = Release|Any CPU
		{F5770D5D-4188-427D-A76F-DBDC7A3932A4}.Debug|Any CPU.ActiveCfg = Debug|Any CPU
		{F5770D5D-4188-427D-A76F-DBDC7A3932A4}.Debug|Any CPU.Build.0 = Debug|Any CPU
		{F5770D5D-4188-427D-A76F-DBDC7A3932A4}.Debug|x64.ActiveCfg = Debug|Any CPU
		{F5770D5D-4188-427D-A76F-DBDC7A3932A4}.Debug|x64.Build.0 = Debug|Any CPU
		{F5770D5D-4188-427D-A76F-DBDC7A3932A4}.Debug|x86.ActiveCfg = Debug|Any CPU
		{F5770D5D-4188-427D-A76F-DBDC7A3932A4}.Debug|x86.Build.0 = Debug|Any CPU
		{F5770D5D-4188-427D-A76F-DBDC7A3932A4}.Release|Any CPU.ActiveCfg = Release|Any CPU
		{F5770D5D-4188-427D-A76F-DBDC7A3932A4}.Release|Any CPU.Build.0 = Release|Any CPU
		{F5770D5D-4188-427D-A76F-DBDC7A3932A4}.Release|x64.ActiveCfg = Release|Any CPU
		{F5770D5D-4188-427D-A76F-DBDC7A3932A4}.Release|x64.Build.0 = Release|Any CPU
		{F5770D5D-4188-427D-A76F-DBDC7A3932A4}.Release|x86.ActiveCfg = Release|Any CPU
		{F5770D5D-4188-427D-A76F-DBDC7A3932A4}.Release|x86.Build.0 = Release|Any CPU
		{A6323F09-F44C-4279-9646-003A919BFB84}.Debug|Any CPU.ActiveCfg = Debug|Any CPU
		{A6323F09-F44C-4279-9646-003A919BFB84}.Debug|Any CPU.Build.0 = Debug|Any CPU
		{A6323F09-F44C-4279-9646-003A919BFB84}.Debug|x64.ActiveCfg = Debug|Any CPU
		{A6323F09-F44C-4279-9646-003A919BFB84}.Debug|x64.Build.0 = Debug|Any CPU
		{A6323F09-F44C-4279-9646-003A919BFB84}.Debug|x86.ActiveCfg = Debug|Any CPU
		{A6323F09-F44C-4279-9646-003A919BFB84}.Debug|x86.Build.0 = Debug|Any CPU
		{A6323F09-F44C-4279-9646-003A919BFB84}.Release|Any CPU.ActiveCfg = Release|Any CPU
		{A6323F09-F44C-4279-9646-003A919BFB84}.Release|Any CPU.Build.0 = Release|Any CPU
		{A6323F09-F44C-4279-9646-003A919BFB84}.Release|x64.ActiveCfg = Release|Any CPU
		{A6323F09-F44C-4279-9646-003A919BFB84}.Release|x64.Build.0 = Release|Any CPU
		{A6323F09-F44C-4279-9646-003A919BFB84}.Release|x86.ActiveCfg = Release|Any CPU
		{A6323F09-F44C-4279-9646-003A919BFB84}.Release|x86.Build.0 = Release|Any CPU
	EndGlobalSection
	GlobalSection(SolutionProperties) = preSolution
		HideSolutionNode = FALSE
	EndGlobalSection
	GlobalSection(ExtensibilityGlobals) = postSolution
		SolutionGuid = {A8832504-260C-4036-A73E-A8E584E5AB66}
	EndGlobalSection
EndGlobal
