
Microsoft Visual Studio Solution File, Format Version 12.00
# Visual Studio Version 17
VisualStudioVersion = 17.0.31808.319
MinimumVisualStudioVersion = 10.0.40219.1
Project("{9A19103F-16F7-4668-BE54-9A1E7A4F7556}") = "SimpleClassExample", "SimpleClassExample\SimpleClassExample.csproj", "{42B408DE-9F78-42AF-89E5-A486801F406B}"
EndProject
Project("{9A19103F-16F7-4668-BE54-9A1E7A4F7556}") = "StaticDataAndMembers", "StaticDataAndMembers\StaticDataAndMembers.csproj", "{9CD3EF41-5458-4F94-8A9F-EBB41AD5AD6C}"
EndProject
Project("{9A19103F-16F7-4668-BE54-9A1E7A4F7556}") = "ConstData", "ConstData\ConstData.csproj", "{971F94CB-AD88-4CC3-9592-52250DD9A3DD}"
EndProject
Project("{9A19103F-16F7-4668-BE54-9A1E7A4F7556}") = "EmployeeApp", "EmployeeApp\EmployeeApp.csproj", "{B232EA94-89D4-4B15-B6A2-BDDC04EB060E}"
EndProject
Project("{9A19103F-16F7-4668-BE54-9A1E7A4F7556}") = "AutoProps", "AutoProps\AutoProps.csproj", "{F0652664-7F12-441F-808E-97B1D11A4D25}"
EndProject
Project("{9A19103F-16F7-4668-BE54-9A1E7A4F7556}") = "ObjectInitializers", "ObjectInitializers\ObjectInitializers.csproj", "{2AEE19D0-1F7B-4941-A4CB-31A58EBE33FC}"
EndProject
Project("{9A19103F-16F7-4668-BE54-9A1E7A4F7556}") = "OopExamples", "OopExamples\OopExamples.csproj", "{259EF4E1-7018-496E-B51B-51584CEC36B7}"
EndProject
Project("{9A19103F-16F7-4668-BE54-9A1E7A4F7556}") = "FunWithRecords", "FunWithRecords\FunWithRecords.csproj", "{A7535F1B-D17F-43C4-B8DE-5751E88432C1}"
EndProject
Project("{9A19103F-16F7-4668-BE54-9A1E7A4F7556}") = "FunWithPartials", "FunWithPartials\FunWithPartials.csproj", "{D7E0DD93-B89E-43D1-B0BB-13EAECD6E9CE}"
EndProject
Project("{FAE04EC0-301F-11D3-BF4B-00C04F79EFBC}") = "FunWithRecordStructs", "FunWithRecordStructs\FunWithRecordStructs.csproj", "{348A3A6C-5116-48CD-B6DB-D3ADCC0FE604}"
EndProject
Global
	GlobalSection(SolutionConfigurationPlatforms) = preSolution
		Debug|Any CPU = Debug|Any CPU
		Debug|x64 = Debug|x64
		Debug|x86 = Debug|x86
		Release|Any CPU = Release|Any CPU
		Release|x64 = Release|x64
		Release|x86 = Release|x86
	EndGlobalSection
	GlobalSection(ProjectConfigurationPlatforms) = postSolution
		{42B408DE-9F78-42AF-89E5-A486801F406B}.Debug|Any CPU.ActiveCfg = Debug|Any CPU
		{42B408DE-9F78-42AF-89E5-A486801F406B}.Debug|Any CPU.Build.0 = Debug|Any CPU
		{42B408DE-9F78-42AF-89E5-A486801F406B}.Debug|x64.ActiveCfg = Debug|Any CPU
		{42B408DE-9F78-42AF-89E5-A486801F406B}.Debug|x64.Build.0 = Debug|Any CPU
		{42B408DE-9F78-42AF-89E5-A486801F406B}.Debug|x86.ActiveCfg = Debug|Any CPU
		{42B408DE-9F78-42AF-89E5-A486801F406B}.Debug|x86.Build.0 = Debug|Any CPU
		{42B408DE-9F78-42AF-89E5-A486801F406B}.Release|Any CPU.ActiveCfg = Release|Any CPU
		{42B408DE-9F78-42AF-89E5-A486801F406B}.Release|Any CPU.Build.0 = Release|Any CPU
		{42B408DE-9F78-42AF-89E5-A486801F406B}.Release|x64.ActiveCfg = Release|Any CPU
		{42B408DE-9F78-42AF-89E5-A486801F406B}.Release|x64.Build.0 = Release|Any CPU
		{42B408DE-9F78-42AF-89E5-A486801F406B}.Release|x86.ActiveCfg = Release|Any CPU
		{42B408DE-9F78-42AF-89E5-A486801F406B}.Release|x86.Build.0 = Release|Any CPU
		{9CD3EF41-5458-4F94-8A9F-EBB41AD5AD6C}.Debug|Any CPU.ActiveCfg = Debug|Any CPU
		{9CD3EF41-5458-4F94-8A9F-EBB41AD5AD6C}.Debug|Any CPU.Build.0 = Debug|Any CPU
		{9CD3EF41-5458-4F94-8A9F-EBB41AD5AD6C}.Debug|x64.ActiveCfg = Debug|Any CPU
		{9CD3EF41-5458-4F94-8A9F-EBB41AD5AD6C}.Debug|x64.Build.0 = Debug|Any CPU
		{9CD3EF41-5458-4F94-8A9F-EBB41AD5AD6C}.Debug|x86.ActiveCfg = Debug|Any CPU
		{9CD3EF41-5458-4F94-8A9F-EBB41AD5AD6C}.Debug|x86.Build.0 = Debug|Any CPU
		{9CD3EF41-5458-4F94-8A9F-EBB41AD5AD6C}.Release|Any CPU.ActiveCfg = Release|Any CPU
		{9CD3EF41-5458-4F94-8A9F-EBB41AD5AD6C}.Release|Any CPU.Build.0 = Release|Any CPU
		{9CD3EF41-5458-4F94-8A9F-EBB41AD5AD6C}.Release|x64.ActiveCfg = Release|Any CPU
		{9CD3EF41-5458-4F94-8A9F-EBB41AD5AD6C}.Release|x64.Build.0 = Release|Any CPU
		{9CD3EF41-5458-4F94-8A9F-EBB41AD5AD6C}.Release|x86.ActiveCfg = Release|Any CPU
		{9CD3EF41-5458-4F94-8A9F-EBB41AD5AD6C}.Release|x86.Build.0 = Release|Any CPU
		{971F94CB-AD88-4CC3-9592-52250DD9A3DD}.Debug|Any CPU.ActiveCfg = Debug|Any CPU
		{971F94CB-AD88-4CC3-9592-52250DD9A3DD}.Debug|Any CPU.Build.0 = Debug|Any CPU
		{971F94CB-AD88-4CC3-9592-52250DD9A3DD}.Debug|x64.ActiveCfg = Debug|Any CPU
		{971F94CB-AD88-4CC3-9592-52250DD9A3DD}.Debug|x64.Build.0 = Debug|Any CPU
		{971F94CB-AD88-4CC3-9592-52250DD9A3DD}.Debug|x86.ActiveCfg = Debug|Any CPU
		{971F94CB-AD88-4CC3-9592-52250DD9A3DD}.Debug|x86.Build.0 = Debug|Any CPU
		{971F94CB-AD88-4CC3-9592-52250DD9A3DD}.Release|Any CPU.ActiveCfg = Release|Any CPU
		{971F94CB-AD88-4CC3-9592-52250DD9A3DD}.Release|Any CPU.Build.0 = Release|Any CPU
		{971F94CB-AD88-4CC3-9592-52250DD9A3DD}.Release|x64.ActiveCfg = Release|Any CPU
		{971F94CB-AD88-4CC3-9592-52250DD9A3DD}.Release|x64.Build.0 = Release|Any CPU
		{971F94CB-AD88-4CC3-9592-52250DD9A3DD}.Release|x86.ActiveCfg = Release|Any CPU
		{971F94CB-AD88-4CC3-9592-52250DD9A3DD}.Release|x86.Build.0 = Release|Any CPU
		{B232EA94-89D4-4B15-B6A2-BDDC04EB060E}.Debug|Any CPU.ActiveCfg = Debug|Any CPU
		{B232EA94-89D4-4B15-B6A2-BDDC04EB060E}.Debug|Any CPU.Build.0 = Debug|Any CPU
		{B232EA94-89D4-4B15-B6A2-BDDC04EB060E}.Debug|x64.ActiveCfg = Debug|Any CPU
		{B232EA94-89D4-4B15-B6A2-BDDC04EB060E}.Debug|x64.Build.0 = Debug|Any CPU
		{B232EA94-89D4-4B15-B6A2-BDDC04EB060E}.Debug|x86.ActiveCfg = Debug|Any CPU
		{B232EA94-89D4-4B15-B6A2-BDDC04EB060E}.Debug|x86.Build.0 = Debug|Any CPU
		{B232EA94-89D4-4B15-B6A2-BDDC04EB060E}.Release|Any CPU.ActiveCfg = Release|Any CPU
		{B232EA94-89D4-4B15-B6A2-BDDC04EB060E}.Release|Any CPU.Build.0 = Release|Any CPU
		{B232EA94-89D4-4B15-B6A2-BDDC04EB060E}.Release|x64.ActiveCfg = Release|Any CPU
		{B232EA94-89D4-4B15-B6A2-BDDC04EB060E}.Release|x64.Build.0 = Release|Any CPU
		{B232EA94-89D4-4B15-B6A2-BDDC04EB060E}.Release|x86.ActiveCfg = Release|Any CPU
		{B232EA94-89D4-4B15-B6A2-BDDC04EB060E}.Release|x86.Build.0 = Release|Any CPU
		{F0652664-7F12-441F-808E-97B1D11A4D25}.Debug|Any CPU.ActiveCfg = Debug|Any CPU
		{F0652664-7F12-441F-808E-97B1D11A4D25}.Debug|Any CPU.Build.0 = Debug|Any CPU
		{F0652664-7F12-441F-808E-97B1D11A4D25}.Debug|x64.ActiveCfg = Debug|Any CPU
		{F0652664-7F12-441F-808E-97B1D11A4D25}.Debug|x64.Build.0 = Debug|Any CPU
		{F0652664-7F12-441F-808E-97B1D11A4D25}.Debug|x86.ActiveCfg = Debug|Any CPU
		{F0652664-7F12-441F-808E-97B1D11A4D25}.Debug|x86.Build.0 = Debug|Any CPU
		{F0652664-7F12-441F-808E-97B1D11A4D25}.Release|Any CPU.ActiveCfg = Release|Any CPU
		{F0652664-7F12-441F-808E-97B1D11A4D25}.Release|Any CPU.Build.0 = Release|Any CPU
		{F0652664-7F12-441F-808E-97B1D11A4D25}.Release|x64.ActiveCfg = Release|Any CPU
		{F0652664-7F12-441F-808E-97B1D11A4D25}.Release|x64.Build.0 = Release|Any CPU
		{F0652664-7F12-441F-808E-97B1D11A4D25}.Release|x86.ActiveCfg = Release|Any CPU
		{F0652664-7F12-441F-808E-97B1D11A4D25}.Release|x86.Build.0 = Release|Any CPU
		{2AEE19D0-1F7B-4941-A4CB-31A58EBE33FC}.Debug|Any CPU.ActiveCfg = Debug|Any CPU
		{2AEE19D0-1F7B-4941-A4CB-31A58EBE33FC}.Debug|Any CPU.Build.0 = Debug|Any CPU
		{2AEE19D0-1F7B-4941-A4CB-31A58EBE33FC}.Debug|x64.ActiveCfg = Debug|Any CPU
		{2AEE19D0-1F7B-4941-A4CB-31A58EBE33FC}.Debug|x64.Build.0 = Debug|Any CPU
		{2AEE19D0-1F7B-4941-A4CB-31A58EBE33FC}.Debug|x86.ActiveCfg = Debug|Any CPU
		{2AEE19D0-1F7B-4941-A4CB-31A58EBE33FC}.Debug|x86.Build.0 = Debug|Any CPU
		{2AEE19D0-1F7B-4941-A4CB-31A58EBE33FC}.Release|Any CPU.ActiveCfg = Release|Any CPU
		{2AEE19D0-1F7B-4941-A4CB-31A58EBE33FC}.Release|Any CPU.Build.0 = Release|Any CPU
		{2AEE19D0-1F7B-4941-A4CB-31A58EBE33FC}.Release|x64.ActiveCfg = Release|Any CPU
		{2AEE19D0-1F7B-4941-A4CB-31A58EBE33FC}.Release|x64.Build.0 = Release|Any CPU
		{2AEE19D0-1F7B-4941-A4CB-31A58EBE33FC}.Release|x86.ActiveCfg = Release|Any CPU
		{2AEE19D0-1F7B-4941-A4CB-31A58EBE33FC}.Release|x86.Build.0 = Release|Any CPU
		{259EF4E1-7018-496E-B51B-51584CEC36B7}.Debug|Any CPU.ActiveCfg = Debug|Any CPU
		{259EF4E1-7018-496E-B51B-51584CEC36B7}.Debug|Any CPU.Build.0 = Debug|Any CPU
		{259EF4E1-7018-496E-B51B-51584CEC36B7}.Debug|x64.ActiveCfg = Debug|Any CPU
		{259EF4E1-7018-496E-B51B-51584CEC36B7}.Debug|x64.Build.0 = Debug|Any CPU
		{259EF4E1-7018-496E-B51B-51584CEC36B7}.Debug|x86.ActiveCfg = Debug|Any CPU
		{259EF4E1-7018-496E-B51B-51584CEC36B7}.Debug|x86.Build.0 = Debug|Any CPU
		{259EF4E1-7018-496E-B51B-51584CEC36B7}.Release|Any CPU.ActiveCfg = Release|Any CPU
		{259EF4E1-7018-496E-B51B-51584CEC36B7}.Release|Any CPU.Build.0 = Release|Any CPU
		{259EF4E1-7018-496E-B51B-51584CEC36B7}.Release|x64.ActiveCfg = Release|Any CPU
		{259EF4E1-7018-496E-B51B-51584CEC36B7}.Release|x64.Build.0 = Release|Any CPU
		{259EF4E1-7018-496E-B51B-51584CEC36B7}.Release|x86.ActiveCfg = Release|Any CPU
		{259EF4E1-7018-496E-B51B-51584CEC36B7}.Release|x86.Build.0 = Release|Any CPU
		{A7535F1B-D17F-43C4-B8DE-5751E88432C1}.Debug|Any CPU.ActiveCfg = Debug|Any CPU
		{A7535F1B-D17F-43C4-B8DE-5751E88432C1}.Debug|Any CPU.Build.0 = Debug|Any CPU
		{A7535F1B-D17F-43C4-B8DE-5751E88432C1}.Debug|x64.ActiveCfg = Debug|Any CPU
		{A7535F1B-D17F-43C4-B8DE-5751E88432C1}.Debug|x64.Build.0 = Debug|Any CPU
		{A7535F1B-D17F-43C4-B8DE-5751E88432C1}.Debug|x86.ActiveCfg = Debug|Any CPU
		{A7535F1B-D17F-43C4-B8DE-5751E88432C1}.Debug|x86.Build.0 = Debug|Any CPU
		{A7535F1B-D17F-43C4-B8DE-5751E88432C1}.Release|Any CPU.ActiveCfg = Release|Any CPU
		{A7535F1B-D17F-43C4-B8DE-5751E88432C1}.Release|Any CPU.Build.0 = Release|Any CPU
		{A7535F1B-D17F-43C4-B8DE-5751E88432C1}.Release|x64.ActiveCfg = Release|Any CPU
		{A7535F1B-D17F-43C4-B8DE-5751E88432C1}.Release|x64.Build.0 = Release|Any CPU
		{A7535F1B-D17F-43C4-B8DE-5751E88432C1}.Release|x86.ActiveCfg = Release|Any CPU
		{A7535F1B-D17F-43C4-B8DE-5751E88432C1}.Release|x86.Build.0 = Release|Any CPU
		{D7E0DD93-B89E-43D1-B0BB-13EAECD6E9CE}.Debug|Any CPU.ActiveCfg = Debug|Any CPU
		{D7E0DD93-B89E-43D1-B0BB-13EAECD6E9CE}.Debug|Any CPU.Build.0 = Debug|Any CPU
		{D7E0DD93-B89E-43D1-B0BB-13EAECD6E9CE}.Debug|x64.ActiveCfg = Debug|Any CPU
		{D7E0DD93-B89E-43D1-B0BB-13EAECD6E9CE}.Debug|x64.Build.0 = Debug|Any CPU
		{D7E0DD93-B89E-43D1-B0BB-13EAECD6E9CE}.Debug|x86.ActiveCfg = Debug|Any CPU
		{D7E0DD93-B89E-43D1-B0BB-13EAECD6E9CE}.Debug|x86.Build.0 = Debug|Any CPU
		{D7E0DD93-B89E-43D1-B0BB-13EAECD6E9CE}.Release|Any CPU.ActiveCfg = Release|Any CPU
		{D7E0DD93-B89E-43D1-B0BB-13EAECD6E9CE}.Release|Any CPU.Build.0 = Release|Any CPU
		{D7E0DD93-B89E-43D1-B0BB-13EAECD6E9CE}.Release|x64.ActiveCfg = Release|Any CPU
		{D7E0DD93-B89E-43D1-B0BB-13EAECD6E9CE}.Release|x64.Build.0 = Release|Any CPU
		{D7E0DD93-B89E-43D1-B0BB-13EAECD6E9CE}.Release|x86.ActiveCfg = Release|Any CPU
		{D7E0DD93-B89E-43D1-B0BB-13EAECD6E9CE}.Release|x86.Build.0 = Release|Any CPU
		{348A3A6C-5116-48CD-B6DB-D3ADCC0FE604}.Debug|Any CPU.ActiveCfg = Debug|Any CPU
		{348A3A6C-5116-48CD-B6DB-D3ADCC0FE604}.Debug|Any CPU.Build.0 = Debug|Any CPU
		{348A3A6C-5116-48CD-B6DB-D3ADCC0FE604}.Debug|x64.ActiveCfg = Debug|Any CPU
		{348A3A6C-5116-48CD-B6DB-D3ADCC0FE604}.Debug|x64.Build.0 = Debug|Any CPU
		{348A3A6C-5116-48CD-B6DB-D3ADCC0FE604}.Debug|x86.ActiveCfg = Debug|Any CPU
		{348A3A6C-5116-48CD-B6DB-D3ADCC0FE604}.Debug|x86.Build.0 = Debug|Any CPU
		{348A3A6C-5116-48CD-B6DB-D3ADCC0FE604}.Release|Any CPU.ActiveCfg = Release|Any CPU
		{348A3A6C-5116-48CD-B6DB-D3ADCC0FE604}.Release|Any CPU.Build.0 = Release|Any CPU
		{348A3A6C-5116-48CD-B6DB-D3ADCC0FE604}.Release|x64.ActiveCfg = Release|Any CPU
		{348A3A6C-5116-48CD-B6DB-D3ADCC0FE604}.Release|x64.Build.0 = Release|Any CPU
		{348A3A6C-5116-48CD-B6DB-D3ADCC0FE604}.Release|x86.ActiveCfg = Release|Any CPU
		{348A3A6C-5116-48CD-B6DB-D3ADCC0FE604}.Release|x86.Build.0 = Release|Any CPU
	EndGlobalSection
	GlobalSection(SolutionProperties) = preSolution
		HideSolutionNode = FALSE
	EndGlobalSection
	GlobalSection(ExtensibilityGlobals) = postSolution
		SolutionGuid = {2B98ACE8-4E09-4D64-9007-8AC2D12C9919}
	EndGlobalSection
EndGlobal
