
Microsoft Visual Studio Solution File, Format Version 12.00
# Visual Studio Version 17
VisualStudioVersion = 17.0.31606.5
MinimumVisualStudioVersion = 10.0.40219.1
Project("{9A19103F-16F7-4668-BE54-9A1E7A4F7556}") = "FirstSamples", "FirstSamples\FirstSamples.csproj", "{269951BC-A3FE-407F-B5D5-6CE0417D8827}"
EndProject
Project("{9A19103F-16F7-4668-BE54-9A1E7A4F7556}") = "RoundTrip", "RoundTrip\RoundTrip.csproj", "{A0C913E3-8369-4F5E-9B7E-65100DEA5934}"
EndProject
Project("{9A19103F-16F7-4668-BE54-9A1E7A4F7556}") = "DynamicAsmBuilder", "DynamicAsmBuilder\DynamicAsmBuilder.csproj", "{E4B2AB88-6775-45DA-80BB-6716B24FB51C}"
EndProject
Global
	GlobalSection(SolutionConfigurationPlatforms) = preSolution
		Debug|Any CPU = Debug|Any CPU
		Debug|x64 = Debug|x64
		Debug|x86 = Debug|x86
		Release|Any CPU = Release|Any CPU
		Release|x64 = Release|x64
		Release|x86 = Release|x86
	EndGlobalSection
	GlobalSection(ProjectConfigurationPlatforms) = postSolution
		{269951BC-A3FE-407F-B5D5-6CE0417D8827}.Debug|Any CPU.ActiveCfg = Debug|Any CPU
		{269951BC-A3FE-407F-B5D5-6CE0417D8827}.Debug|Any CPU.Build.0 = Debug|Any CPU
		{269951BC-A3FE-407F-B5D5-6CE0417D8827}.Debug|x64.ActiveCfg = Debug|Any CPU
		{269951BC-A3FE-407F-B5D5-6CE0417D8827}.Debug|x64.Build.0 = Debug|Any CPU
		{269951BC-A3FE-407F-B5D5-6CE0417D8827}.Debug|x86.ActiveCfg = Debug|Any CPU
		{269951BC-A3FE-407F-B5D5-6CE0417D8827}.Debug|x86.Build.0 = Debug|Any CPU
		{269951BC-A3FE-407F-B5D5-6CE0417D8827}.Release|Any CPU.ActiveCfg = Release|Any CPU
		{269951BC-A3FE-407F-B5D5-6CE0417D8827}.Release|Any CPU.Build.0 = Release|Any CPU
		{269951BC-A3FE-407F-B5D5-6CE0417D8827}.Release|x64.ActiveCfg = Release|Any CPU
		{269951BC-A3FE-407F-B5D5-6CE0417D8827}.Release|x64.Build.0 = Release|Any CPU
		{269951BC-A3FE-407F-B5D5-6CE0417D8827}.Release|x86.ActiveCfg = Release|Any CPU
		{269951BC-A3FE-407F-B5D5-6CE0417D8827}.Release|x86.Build.0 = Release|Any CPU
		{A0C913E3-8369-4F5E-9B7E-65100DEA5934}.Debug|Any CPU.ActiveCfg = Debug|Any CPU
		{A0C913E3-8369-4F5E-9B7E-65100DEA5934}.Debug|Any CPU.Build.0 = Debug|Any CPU
		{A0C913E3-8369-4F5E-9B7E-65100DEA5934}.Debug|x64.ActiveCfg = Debug|Any CPU
		{A0C913E3-8369-4F5E-9B7E-65100DEA5934}.Debug|x64.Build.0 = Debug|Any CPU
		{A0C913E3-8369-4F5E-9B7E-65100DEA5934}.Debug|x86.ActiveCfg = Debug|Any CPU
		{A0C913E3-8369-4F5E-9B7E-65100DEA5934}.Debug|x86.Build.0 = Debug|Any CPU
		{A0C913E3-8369-4F5E-9B7E-65100DEA5934}.Release|Any CPU.ActiveCfg = Release|Any CPU
		{A0C913E3-8369-4F5E-9B7E-65100DEA5934}.Release|Any CPU.Build.0 = Release|Any CPU
		{A0C913E3-8369-4F5E-9B7E-65100DEA5934}.Release|x64.ActiveCfg = Release|Any CPU
		{A0C913E3-8369-4F5E-9B7E-65100DEA5934}.Release|x64.Build.0 = Release|Any CPU
		{A0C913E3-8369-4F5E-9B7E-65100DEA5934}.Release|x86.ActiveCfg = Release|Any CPU
		{A0C913E3-8369-4F5E-9B7E-65100DEA5934}.Release|x86.Build.0 = Release|Any CPU
		{E4B2AB88-6775-45DA-80BB-6716B24FB51C}.Debug|Any CPU.ActiveCfg = Debug|Any CPU
		{E4B2AB88-6775-45DA-80BB-6716B24FB51C}.Debug|Any CPU.Build.0 = Debug|Any CPU
		{E4B2AB88-6775-45DA-80BB-6716B24FB51C}.Debug|x64.ActiveCfg = Debug|Any CPU
		{E4B2AB88-6775-45DA-80BB-6716B24FB51C}.Debug|x64.Build.0 = Debug|Any CPU
		{E4B2AB88-6775-45DA-80BB-6716B24FB51C}.Debug|x86.ActiveCfg = Debug|Any CPU
		{E4B2AB88-6775-45DA-80BB-6716B24FB51C}.Debug|x86.Build.0 = Debug|Any CPU
		{E4B2AB88-6775-45DA-80BB-6716B24FB51C}.Release|Any CPU.ActiveCfg = Release|Any CPU
		{E4B2AB88-6775-45DA-80BB-6716B24FB51C}.Release|Any CPU.Build.0 = Release|Any CPU
		{E4B2AB88-6775-45DA-80BB-6716B24FB51C}.Release|x64.ActiveCfg = Release|Any CPU
		{E4B2AB88-6775-45DA-80BB-6716B24FB51C}.Release|x64.Build.0 = Release|Any CPU
		{E4B2AB88-6775-45DA-80BB-6716B24FB51C}.Release|x86.ActiveCfg = Release|Any CPU
		{E4B2AB88-6775-45DA-80BB-6716B24FB51C}.Release|x86.Build.0 = Release|Any CPU
	EndGlobalSection
	GlobalSection(SolutionProperties) = preSolution
		HideSolutionNode = FALSE
	EndGlobalSection
	GlobalSection(ExtensibilityGlobals) = postSolution
		SolutionGuid = {38DDD22C-62C0-4C31-BB89-576FA97A23CE}
	EndGlobalSection
EndGlobal
