
Microsoft Visual Studio Solution File, Format Version 12.00
# Visual Studio Version 17
VisualStudioVersion = 17.0.31521.260
MinimumVisualStudioVersion = 10.0.40219.1
Project("{9A19103F-16F7-4668-BE54-9A1E7A4F7556}") = "AutoLot.Models", "AutoLot.Models\AutoLot.Models.csproj", "{9EBDC379-65B1-4A27-BB36-F49C4A44C538}"
EndProject
Project("{9A19103F-16F7-4668-BE54-9A1E7A4F7556}") = "AutoLot.Dal", "AutoLot.Dal\AutoLot.Dal.csproj", "{5A65F390-37A0-4B17-A76D-47D22ACC82C7}"
EndProject
Project("{2150E333-8FDC-42A3-9474-1A3956D46DE8}") = "Solution Items", "Solution Items", "{675A6B95-8C31-47CF-AFD5-2818410EFB38}"
	ProjectSection(SolutionItems) = preProject
		CreateSolutionAndProject.cmd = CreateSolutionAndProject.cmd
		FirstMigration.sql = FirstMigration.sql
		Migrations.txt = Migrations.txt
	EndProjectSection
EndProject
Global
	GlobalSection(SolutionConfigurationPlatforms) = preSolution
		Debug|Any CPU = Debug|Any CPU
		Release|Any CPU = Release|Any CPU
	EndGlobalSection
	GlobalSection(ProjectConfigurationPlatforms) = postSolution
		{9EBDC379-65B1-4A27-BB36-F49C4A44C538}.Debug|Any CPU.ActiveCfg = Debug|Any CPU
		{9EBDC379-65B1-4A27-BB36-F49C4A44C538}.Debug|Any CPU.Build.0 = Debug|Any CPU
		{9EBDC379-65B1-4A27-BB36-F49C4A44C538}.Release|Any CPU.ActiveCfg = Release|Any CPU
		{9EBDC379-65B1-4A27-BB36-F49C4A44C538}.Release|Any CPU.Build.0 = Release|Any CPU
		{5A65F390-37A0-4B17-A76D-47D22ACC82C7}.Debug|Any CPU.ActiveCfg = Debug|Any CPU
		{5A65F390-37A0-4B17-A76D-47D22ACC82C7}.Debug|Any CPU.Build.0 = Debug|Any CPU
		{5A65F390-37A0-4B17-A76D-47D22ACC82C7}.Release|Any CPU.ActiveCfg = Release|Any CPU
		{5A65F390-37A0-4B17-A76D-47D22ACC82C7}.Release|Any CPU.Build.0 = Release|Any CPU
	EndGlobalSection
	GlobalSection(SolutionProperties) = preSolution
		HideSolutionNode = FALSE
	EndGlobalSection
	GlobalSection(ExtensibilityGlobals) = postSolution
		SolutionGuid = {F88EBD9C-1F7B-4DC0-803E-FE16BA638439}
	EndGlobalSection
EndGlobal
