
Microsoft Visual Studio Solution File, Format Version 12.00
# Visual Studio Version 17
VisualStudioVersion = 17.0.31521.260
MinimumVisualStudioVersion = 10.0.40219.1
Project("{9A19103F-16F7-4668-BE54-9A1E7A4F7556}") = "AutoLot.Models", "AutoLot.Models\AutoLot.Models.csproj", "{12C899D7-35D2-45D4-B4B9-340594269CB7}"
EndProject
Project("{9A19103F-16F7-4668-BE54-9A1E7A4F7556}") = "AutoLot.Dal.Tests", "AutoLot.Dal.Tests\AutoLot.Dal.Tests.csproj", "{62C02ABA-4654-4185-B6C2-92FD9FFA9790}"
EndProject
Project("{9A19103F-16F7-4668-BE54-9A1E7A4F7556}") = "AutoLot.Dal", "AutoLot.Dal\AutoLot.Dal.csproj", "{62F67B33-3622-4D1F-8480-217B591B15E6}"
EndProject
Project("{2150E333-8FDC-42A3-9474-1A3956D46DE8}") = "Solution Items", "Solution Items", "{04D04A46-A7E2-4052-8511-4CC5B552C33B}"
	ProjectSection(SolutionItems) = preProject
		CreateSolutionAndProject.cmd = CreateSolutionAndProject.cmd
	EndProjectSection
EndProject
Global
	GlobalSection(SolutionConfigurationPlatforms) = preSolution
		Debug|Any CPU = Debug|Any CPU
		Debug|x64 = Debug|x64
		Debug|x86 = Debug|x86
		Release|Any CPU = Release|Any CPU
		Release|x64 = Release|x64
		Release|x86 = Release|x86
	EndGlobalSection
	GlobalSection(ProjectConfigurationPlatforms) = postSolution
		{12C899D7-35D2-45D4-B4B9-340594269CB7}.Debug|Any CPU.ActiveCfg = Debug|Any CPU
		{12C899D7-35D2-45D4-B4B9-340594269CB7}.Debug|Any CPU.Build.0 = Debug|Any CPU
		{12C899D7-35D2-45D4-B4B9-340594269CB7}.Debug|x64.ActiveCfg = Debug|Any CPU
		{12C899D7-35D2-45D4-B4B9-340594269CB7}.Debug|x64.Build.0 = Debug|Any CPU
		{12C899D7-35D2-45D4-B4B9-340594269CB7}.Debug|x86.ActiveCfg = Debug|Any CPU
		{12C899D7-35D2-45D4-B4B9-340594269CB7}.Debug|x86.Build.0 = Debug|Any CPU
		{12C899D7-35D2-45D4-B4B9-340594269CB7}.Release|Any CPU.ActiveCfg = Release|Any CPU
		{12C899D7-35D2-45D4-B4B9-340594269CB7}.Release|Any CPU.Build.0 = Release|Any CPU
		{12C899D7-35D2-45D4-B4B9-340594269CB7}.Release|x64.ActiveCfg = Release|Any CPU
		{12C899D7-35D2-45D4-B4B9-340594269CB7}.Release|x64.Build.0 = Release|Any CPU
		{12C899D7-35D2-45D4-B4B9-340594269CB7}.Release|x86.ActiveCfg = Release|Any CPU
		{12C899D7-35D2-45D4-B4B9-340594269CB7}.Release|x86.Build.0 = Release|Any CPU
		{62C02ABA-4654-4185-B6C2-92FD9FFA9790}.Debug|Any CPU.ActiveCfg = Debug|Any CPU
		{62C02ABA-4654-4185-B6C2-92FD9FFA9790}.Debug|Any CPU.Build.0 = Debug|Any CPU
		{62C02ABA-4654-4185-B6C2-92FD9FFA9790}.Debug|x64.ActiveCfg = Debug|Any CPU
		{62C02ABA-4654-4185-B6C2-92FD9FFA9790}.Debug|x64.Build.0 = Debug|Any CPU
		{62C02ABA-4654-4185-B6C2-92FD9FFA9790}.Debug|x86.ActiveCfg = Debug|Any CPU
		{62C02ABA-4654-4185-B6C2-92FD9FFA9790}.Debug|x86.Build.0 = Debug|Any CPU
		{62C02ABA-4654-4185-B6C2-92FD9FFA9790}.Release|Any CPU.ActiveCfg = Release|Any CPU
		{62C02ABA-4654-4185-B6C2-92FD9FFA9790}.Release|Any CPU.Build.0 = Release|Any CPU
		{62C02ABA-4654-4185-B6C2-92FD9FFA9790}.Release|x64.ActiveCfg = Release|Any CPU
		{62C02ABA-4654-4185-B6C2-92FD9FFA9790}.Release|x64.Build.0 = Release|Any CPU
		{62C02ABA-4654-4185-B6C2-92FD9FFA9790}.Release|x86.ActiveCfg = Release|Any CPU
		{62C02ABA-4654-4185-B6C2-92FD9FFA9790}.Release|x86.Build.0 = Release|Any CPU
		{62F67B33-3622-4D1F-8480-217B591B15E6}.Debug|Any CPU.ActiveCfg = Debug|Any CPU
		{62F67B33-3622-4D1F-8480-217B591B15E6}.Debug|Any CPU.Build.0 = Debug|Any CPU
		{62F67B33-3622-4D1F-8480-217B591B15E6}.Debug|x64.ActiveCfg = Debug|Any CPU
		{62F67B33-3622-4D1F-8480-217B591B15E6}.Debug|x64.Build.0 = Debug|Any CPU
		{62F67B33-3622-4D1F-8480-217B591B15E6}.Debug|x86.ActiveCfg = Debug|Any CPU
		{62F67B33-3622-4D1F-8480-217B591B15E6}.Debug|x86.Build.0 = Debug|Any CPU
		{62F67B33-3622-4D1F-8480-217B591B15E6}.Release|Any CPU.ActiveCfg = Release|Any CPU
		{62F67B33-3622-4D1F-8480-217B591B15E6}.Release|Any CPU.Build.0 = Release|Any CPU
		{62F67B33-3622-4D1F-8480-217B591B15E6}.Release|x64.ActiveCfg = Release|Any CPU
		{62F67B33-3622-4D1F-8480-217B591B15E6}.Release|x64.Build.0 = Release|Any CPU
		{62F67B33-3622-4D1F-8480-217B591B15E6}.Release|x86.ActiveCfg = Release|Any CPU
		{62F67B33-3622-4D1F-8480-217B591B15E6}.Release|x86.Build.0 = Release|Any CPU
	EndGlobalSection
	GlobalSection(SolutionProperties) = preSolution
		HideSolutionNode = FALSE
	EndGlobalSection
	GlobalSection(ExtensibilityGlobals) = postSolution
		SolutionGuid = {EFA4F2CE-E902-4E58-85F0-DC2293383632}
	EndGlobalSection
EndGlobal
