
Microsoft Visual Studio Solution File, Format Version 12.00
# Visual Studio Version 17
VisualStudioVersion = 17.0.31612.314
MinimumVisualStudioVersion = 10.0.40219.1
Project("{9A19103F-16F7-4668-BE54-9A1E7A4F7556}") = "MyTypeViewer", "MyTypeViewer\MyTypeViewer.csproj", "{C9A487F1-6781-44F6-8897-7BEC3859F0B4}"
EndProject
Project("{9A19103F-16F7-4668-BE54-9A1E7A4F7556}") = "ExternalAssemblyReflector", "ExternalAssemblyReflector\ExternalAssemblyReflector.csproj", "{F92956A3-D291-4AC2-8371-D2F5CE55CFE7}"
EndProject
Project("{9A19103F-16F7-4668-BE54-9A1E7A4F7556}") = "FrameworkAssemblyViewer", "FrameworkAssemblyViewer\FrameworkAssemblyViewer.csproj", "{5282FA25-2AE2-4892-A1F0-284D22D1959B}"
EndProject
Project("{9A19103F-16F7-4668-BE54-9A1E7A4F7556}") = "LateBindingApp", "LateBindingApp\LateBindingApp.csproj", "{9DC6114F-070C-4E20-B02D-76A9D200BAEB}"
EndProject
Project("{9A19103F-16F7-4668-BE54-9A1E7A4F7556}") = "ApplyingAttributes", "ApplyingAttributes\ApplyingAttributes.csproj", "{3A9B0909-ADC7-437E-81B2-692D60280A34}"
EndProject
Project("{9A19103F-16F7-4668-BE54-9A1E7A4F7556}") = "AttributedCarLibrary", "AttributedCarLibrary\AttributedCarLibrary.csproj", "{ACC0E584-F27B-4D4F-8A58-F60B10E8AE3B}"
EndProject
Project("{9A19103F-16F7-4668-BE54-9A1E7A4F7556}") = "VehicleDescriptionAttributeReader", "VehicleDescriptionAttributeReader\VehicleDescriptionAttributeReader.csproj", "{D631AD6A-7BF2-40AB-BAE7-A1EE6BEA7EB5}"
EndProject
Project("{9A19103F-16F7-4668-BE54-9A1E7A4F7556}") = "VehicleDescriptionAttributeReaderLateBinding", "VehicleDescriptionAttributeReaderLateBinding\VehicleDescriptionAttributeReaderLateBinding.csproj", "{1102686E-5920-4E56-8015-E14DE863D51F}"
EndProject
Project("{9A19103F-16F7-4668-BE54-9A1E7A4F7556}") = "DynamicKeyword", "DynamicKeyword\DynamicKeyword.csproj", "{BACC8220-F528-44EA-A25D-DE2E96F48815}"
EndProject
Project("{9A19103F-16F7-4668-BE54-9A1E7A4F7556}") = "MathLibrary", "MathLibrary\MathLibrary.csproj", "{09615AE6-580C-494C-AD09-2F6081D290B9}"
EndProject
Project("{9A19103F-16F7-4668-BE54-9A1E7A4F7556}") = "LateBindingWithDynamic", "LateBindingWithDynamic\LateBindingWithDynamic.csproj", "{4B65B601-296D-45F4-93E5-1C4934AC3BD9}"
EndProject
Project("{9A19103F-16F7-4668-BE54-9A1E7A4F7556}") = "CommonSnappableTypes", "ExtendableAppExample\CommonSnappableTypes\CommonSnappableTypes.csproj", "{48142F09-D770-43E6-9E55-0F0D91153732}"
EndProject
Project("{9A19103F-16F7-4668-BE54-9A1E7A4F7556}") = "CSharpSnapIn", "ExtendableAppExample\CSharpSnapIn\CSharpSnapIn.csproj", "{EC30874C-4C2E-43DB-91FE-8DD8A4BDD8B4}"
EndProject
Project("{778DAE3C-4631-46EA-AA77-85C1314464D9}") = "VBSnapIn", "ExtendableAppExample\VBSnapIn\VBSnapIn.vbproj", "{451527BD-6210-4049-A356-2E73503C20A5}"
EndProject
Project("{9A19103F-16F7-4668-BE54-9A1E7A4F7556}") = "MyExtendableApp", "ExtendableAppExample\MyExtendableApp\MyExtendableApp.csproj", "{AD5AD011-4968-4786-BCCC-9E5D5E453807}"
EndProject
Global
	GlobalSection(SolutionConfigurationPlatforms) = preSolution
		Debug|Any CPU = Debug|Any CPU
		Debug|x64 = Debug|x64
		Debug|x86 = Debug|x86
		Release|Any CPU = Release|Any CPU
		Release|x64 = Release|x64
		Release|x86 = Release|x86
	EndGlobalSection
	GlobalSection(ProjectConfigurationPlatforms) = postSolution
		{C9A487F1-6781-44F6-8897-7BEC3859F0B4}.Debug|Any CPU.ActiveCfg = Debug|Any CPU
		{C9A487F1-6781-44F6-8897-7BEC3859F0B4}.Debug|Any CPU.Build.0 = Debug|Any CPU
		{C9A487F1-6781-44F6-8897-7BEC3859F0B4}.Debug|x64.ActiveCfg = Debug|Any CPU
		{C9A487F1-6781-44F6-8897-7BEC3859F0B4}.Debug|x64.Build.0 = Debug|Any CPU
		{C9A487F1-6781-44F6-8897-7BEC3859F0B4}.Debug|x86.ActiveCfg = Debug|Any CPU
		{C9A487F1-6781-44F6-8897-7BEC3859F0B4}.Debug|x86.Build.0 = Debug|Any CPU
		{C9A487F1-6781-44F6-8897-7BEC3859F0B4}.Release|Any CPU.ActiveCfg = Release|Any CPU
		{C9A487F1-6781-44F6-8897-7BEC3859F0B4}.Release|Any CPU.Build.0 = Release|Any CPU
		{C9A487F1-6781-44F6-8897-7BEC3859F0B4}.Release|x64.ActiveCfg = Release|Any CPU
		{C9A487F1-6781-44F6-8897-7BEC3859F0B4}.Release|x64.Build.0 = Release|Any CPU
		{C9A487F1-6781-44F6-8897-7BEC3859F0B4}.Release|x86.ActiveCfg = Release|Any CPU
		{C9A487F1-6781-44F6-8897-7BEC3859F0B4}.Release|x86.Build.0 = Release|Any CPU
		{F92956A3-D291-4AC2-8371-D2F5CE55CFE7}.Debug|Any CPU.ActiveCfg = Debug|Any CPU
		{F92956A3-D291-4AC2-8371-D2F5CE55CFE7}.Debug|Any CPU.Build.0 = Debug|Any CPU
		{F92956A3-D291-4AC2-8371-D2F5CE55CFE7}.Debug|x64.ActiveCfg = Debug|Any CPU
		{F92956A3-D291-4AC2-8371-D2F5CE55CFE7}.Debug|x64.Build.0 = Debug|Any CPU
		{F92956A3-D291-4AC2-8371-D2F5CE55CFE7}.Debug|x86.ActiveCfg = Debug|Any CPU
		{F92956A3-D291-4AC2-8371-D2F5CE55CFE7}.Debug|x86.Build.0 = Debug|Any CPU
		{F92956A3-D291-4AC2-8371-D2F5CE55CFE7}.Release|Any CPU.ActiveCfg = Release|Any CPU
		{F92956A3-D291-4AC2-8371-D2F5CE55CFE7}.Release|Any CPU.Build.0 = Release|Any CPU
		{F92956A3-D291-4AC2-8371-D2F5CE55CFE7}.Release|x64.ActiveCfg = Release|Any CPU
		{F92956A3-D291-4AC2-8371-D2F5CE55CFE7}.Release|x64.Build.0 = Release|Any CPU
		{F92956A3-D291-4AC2-8371-D2F5CE55CFE7}.Release|x86.ActiveCfg = Release|Any CPU
		{F92956A3-D291-4AC2-8371-D2F5CE55CFE7}.Release|x86.Build.0 = Release|Any CPU
		{5282FA25-2AE2-4892-A1F0-284D22D1959B}.Debug|Any CPU.ActiveCfg = Debug|Any CPU
		{5282FA25-2AE2-4892-A1F0-284D22D1959B}.Debug|Any CPU.Build.0 = Debug|Any CPU
		{5282FA25-2AE2-4892-A1F0-284D22D1959B}.Debug|x64.ActiveCfg = Debug|Any CPU
		{5282FA25-2AE2-4892-A1F0-284D22D1959B}.Debug|x64.Build.0 = Debug|Any CPU
		{5282FA25-2AE2-4892-A1F0-284D22D1959B}.Debug|x86.ActiveCfg = Debug|Any CPU
		{5282FA25-2AE2-4892-A1F0-284D22D1959B}.Debug|x86.Build.0 = Debug|Any CPU
		{5282FA25-2AE2-4892-A1F0-284D22D1959B}.Release|Any CPU.ActiveCfg = Release|Any CPU
		{5282FA25-2AE2-4892-A1F0-284D22D1959B}.Release|Any CPU.Build.0 = Release|Any CPU
		{5282FA25-2AE2-4892-A1F0-284D22D1959B}.Release|x64.ActiveCfg = Release|Any CPU
		{5282FA25-2AE2-4892-A1F0-284D22D1959B}.Release|x64.Build.0 = Release|Any CPU
		{5282FA25-2AE2-4892-A1F0-284D22D1959B}.Release|x86.ActiveCfg = Release|Any CPU
		{5282FA25-2AE2-4892-A1F0-284D22D1959B}.Release|x86.Build.0 = Release|Any CPU
		{9DC6114F-070C-4E20-B02D-76A9D200BAEB}.Debug|Any CPU.ActiveCfg = Debug|Any CPU
		{9DC6114F-070C-4E20-B02D-76A9D200BAEB}.Debug|Any CPU.Build.0 = Debug|Any CPU
		{9DC6114F-070C-4E20-B02D-76A9D200BAEB}.Debug|x64.ActiveCfg = Debug|Any CPU
		{9DC6114F-070C-4E20-B02D-76A9D200BAEB}.Debug|x64.Build.0 = Debug|Any CPU
		{9DC6114F-070C-4E20-B02D-76A9D200BAEB}.Debug|x86.ActiveCfg = Debug|Any CPU
		{9DC6114F-070C-4E20-B02D-76A9D200BAEB}.Debug|x86.Build.0 = Debug|Any CPU
		{9DC6114F-070C-4E20-B02D-76A9D200BAEB}.Release|Any CPU.ActiveCfg = Release|Any CPU
		{9DC6114F-070C-4E20-B02D-76A9D200BAEB}.Release|Any CPU.Build.0 = Release|Any CPU
		{9DC6114F-070C-4E20-B02D-76A9D200BAEB}.Release|x64.ActiveCfg = Release|Any CPU
		{9DC6114F-070C-4E20-B02D-76A9D200BAEB}.Release|x64.Build.0 = Release|Any CPU
		{9DC6114F-070C-4E20-B02D-76A9D200BAEB}.Release|x86.ActiveCfg = Release|Any CPU
		{9DC6114F-070C-4E20-B02D-76A9D200BAEB}.Release|x86.Build.0 = Release|Any CPU
		{3A9B0909-ADC7-437E-81B2-692D60280A34}.Debug|Any CPU.ActiveCfg = Debug|Any CPU
		{3A9B0909-ADC7-437E-81B2-692D60280A34}.Debug|Any CPU.Build.0 = Debug|Any CPU
		{3A9B0909-ADC7-437E-81B2-692D60280A34}.Debug|x64.ActiveCfg = Debug|Any CPU
		{3A9B0909-ADC7-437E-81B2-692D60280A34}.Debug|x64.Build.0 = Debug|Any CPU
		{3A9B0909-ADC7-437E-81B2-692D60280A34}.Debug|x86.ActiveCfg = Debug|Any CPU
		{3A9B0909-ADC7-437E-81B2-692D60280A34}.Debug|x86.Build.0 = Debug|Any CPU
		{3A9B0909-ADC7-437E-81B2-692D60280A34}.Release|Any CPU.ActiveCfg = Release|Any CPU
		{3A9B0909-ADC7-437E-81B2-692D60280A34}.Release|Any CPU.Build.0 = Release|Any CPU
		{3A9B0909-ADC7-437E-81B2-692D60280A34}.Release|x64.ActiveCfg = Release|Any CPU
		{3A9B0909-ADC7-437E-81B2-692D60280A34}.Release|x64.Build.0 = Release|Any CPU
		{3A9B0909-ADC7-437E-81B2-692D60280A34}.Release|x86.ActiveCfg = Release|Any CPU
		{3A9B0909-ADC7-437E-81B2-692D60280A34}.Release|x86.Build.0 = Release|Any CPU
		{ACC0E584-F27B-4D4F-8A58-F60B10E8AE3B}.Debug|Any CPU.ActiveCfg = Debug|Any CPU
		{ACC0E584-F27B-4D4F-8A58-F60B10E8AE3B}.Debug|Any CPU.Build.0 = Debug|Any CPU
		{ACC0E584-F27B-4D4F-8A58-F60B10E8AE3B}.Debug|x64.ActiveCfg = Debug|Any CPU
		{ACC0E584-F27B-4D4F-8A58-F60B10E8AE3B}.Debug|x64.Build.0 = Debug|Any CPU
		{ACC0E584-F27B-4D4F-8A58-F60B10E8AE3B}.Debug|x86.ActiveCfg = Debug|Any CPU
		{ACC0E584-F27B-4D4F-8A58-F60B10E8AE3B}.Debug|x86.Build.0 = Debug|Any CPU
		{ACC0E584-F27B-4D4F-8A58-F60B10E8AE3B}.Release|Any CPU.ActiveCfg = Release|Any CPU
		{ACC0E584-F27B-4D4F-8A58-F60B10E8AE3B}.Release|Any CPU.Build.0 = Release|Any CPU
		{ACC0E584-F27B-4D4F-8A58-F60B10E8AE3B}.Release|x64.ActiveCfg = Release|Any CPU
		{ACC0E584-F27B-4D4F-8A58-F60B10E8AE3B}.Release|x64.Build.0 = Release|Any CPU
		{ACC0E584-F27B-4D4F-8A58-F60B10E8AE3B}.Release|x86.ActiveCfg = Release|Any CPU
		{ACC0E584-F27B-4D4F-8A58-F60B10E8AE3B}.Release|x86.Build.0 = Release|Any CPU
		{D631AD6A-7BF2-40AB-BAE7-A1EE6BEA7EB5}.Debug|Any CPU.ActiveCfg = Debug|Any CPU
		{D631AD6A-7BF2-40AB-BAE7-A1EE6BEA7EB5}.Debug|Any CPU.Build.0 = Debug|Any CPU
		{D631AD6A-7BF2-40AB-BAE7-A1EE6BEA7EB5}.Debug|x64.ActiveCfg = Debug|Any CPU
		{D631AD6A-7BF2-40AB-BAE7-A1EE6BEA7EB5}.Debug|x64.Build.0 = Debug|Any CPU
		{D631AD6A-7BF2-40AB-BAE7-A1EE6BEA7EB5}.Debug|x86.ActiveCfg = Debug|Any CPU
		{D631AD6A-7BF2-40AB-BAE7-A1EE6BEA7EB5}.Debug|x86.Build.0 = Debug|Any CPU
		{D631AD6A-7BF2-40AB-BAE7-A1EE6BEA7EB5}.Release|Any CPU.ActiveCfg = Release|Any CPU
		{D631AD6A-7BF2-40AB-BAE7-A1EE6BEA7EB5}.Release|Any CPU.Build.0 = Release|Any CPU
		{D631AD6A-7BF2-40AB-BAE7-A1EE6BEA7EB5}.Release|x64.ActiveCfg = Release|Any CPU
		{D631AD6A-7BF2-40AB-BAE7-A1EE6BEA7EB5}.Release|x64.Build.0 = Release|Any CPU
		{D631AD6A-7BF2-40AB-BAE7-A1EE6BEA7EB5}.Release|x86.ActiveCfg = Release|Any CPU
		{D631AD6A-7BF2-40AB-BAE7-A1EE6BEA7EB5}.Release|x86.Build.0 = Release|Any CPU
		{1102686E-5920-4E56-8015-E14DE863D51F}.Debug|Any CPU.ActiveCfg = Debug|Any CPU
		{1102686E-5920-4E56-8015-E14DE863D51F}.Debug|Any CPU.Build.0 = Debug|Any CPU
		{1102686E-5920-4E56-8015-E14DE863D51F}.Debug|x64.ActiveCfg = Debug|Any CPU
		{1102686E-5920-4E56-8015-E14DE863D51F}.Debug|x64.Build.0 = Debug|Any CPU
		{1102686E-5920-4E56-8015-E14DE863D51F}.Debug|x86.ActiveCfg = Debug|Any CPU
		{1102686E-5920-4E56-8015-E14DE863D51F}.Debug|x86.Build.0 = Debug|Any CPU
		{1102686E-5920-4E56-8015-E14DE863D51F}.Release|Any CPU.ActiveCfg = Release|Any CPU
		{1102686E-5920-4E56-8015-E14DE863D51F}.Release|Any CPU.Build.0 = Release|Any CPU
		{1102686E-5920-4E56-8015-E14DE863D51F}.Release|x64.ActiveCfg = Release|Any CPU
		{1102686E-5920-4E56-8015-E14DE863D51F}.Release|x64.Build.0 = Release|Any CPU
		{1102686E-5920-4E56-8015-E14DE863D51F}.Release|x86.ActiveCfg = Release|Any CPU
		{1102686E-5920-4E56-8015-E14DE863D51F}.Release|x86.Build.0 = Release|Any CPU
		{BACC8220-F528-44EA-A25D-DE2E96F48815}.Debug|Any CPU.ActiveCfg = Debug|Any CPU
		{BACC8220-F528-44EA-A25D-DE2E96F48815}.Debug|Any CPU.Build.0 = Debug|Any CPU
		{BACC8220-F528-44EA-A25D-DE2E96F48815}.Debug|x64.ActiveCfg = Debug|Any CPU
		{BACC8220-F528-44EA-A25D-DE2E96F48815}.Debug|x64.Build.0 = Debug|Any CPU
		{BACC8220-F528-44EA-A25D-DE2E96F48815}.Debug|x86.ActiveCfg = Debug|Any CPU
		{BACC8220-F528-44EA-A25D-DE2E96F48815}.Debug|x86.Build.0 = Debug|Any CPU
		{BACC8220-F528-44EA-A25D-DE2E96F48815}.Release|Any CPU.ActiveCfg = Release|Any CPU
		{BACC8220-F528-44EA-A25D-DE2E96F48815}.Release|Any CPU.Build.0 = Release|Any CPU
		{BACC8220-F528-44EA-A25D-DE2E96F48815}.Release|x64.ActiveCfg = Release|Any CPU
		{BACC8220-F528-44EA-A25D-DE2E96F48815}.Release|x64.Build.0 = Release|Any CPU
		{BACC8220-F528-44EA-A25D-DE2E96F48815}.Release|x86.ActiveCfg = Release|Any CPU
		{BACC8220-F528-44EA-A25D-DE2E96F48815}.Release|x86.Build.0 = Release|Any CPU
		{09615AE6-580C-494C-AD09-2F6081D290B9}.Debug|Any CPU.ActiveCfg = Debug|Any CPU
		{09615AE6-580C-494C-AD09-2F6081D290B9}.Debug|Any CPU.Build.0 = Debug|Any CPU
		{09615AE6-580C-494C-AD09-2F6081D290B9}.Debug|x64.ActiveCfg = Debug|Any CPU
		{09615AE6-580C-494C-AD09-2F6081D290B9}.Debug|x64.Build.0 = Debug|Any CPU
		{09615AE6-580C-494C-AD09-2F6081D290B9}.Debug|x86.ActiveCfg = Debug|Any CPU
		{09615AE6-580C-494C-AD09-2F6081D290B9}.Debug|x86.Build.0 = Debug|Any CPU
		{09615AE6-580C-494C-AD09-2F6081D290B9}.Release|Any CPU.ActiveCfg = Release|Any CPU
		{09615AE6-580C-494C-AD09-2F6081D290B9}.Release|Any CPU.Build.0 = Release|Any CPU
		{09615AE6-580C-494C-AD09-2F6081D290B9}.Release|x64.ActiveCfg = Release|Any CPU
		{09615AE6-580C-494C-AD09-2F6081D290B9}.Release|x64.Build.0 = Release|Any CPU
		{09615AE6-580C-494C-AD09-2F6081D290B9}.Release|x86.ActiveCfg = Release|Any CPU
		{09615AE6-580C-494C-AD09-2F6081D290B9}.Release|x86.Build.0 = Release|Any CPU
		{4B65B601-296D-45F4-93E5-1C4934AC3BD9}.Debug|Any CPU.ActiveCfg = Debug|Any CPU
		{4B65B601-296D-45F4-93E5-1C4934AC3BD9}.Debug|Any CPU.Build.0 = Debug|Any CPU
		{4B65B601-296D-45F4-93E5-1C4934AC3BD9}.Debug|x64.ActiveCfg = Debug|Any CPU
		{4B65B601-296D-45F4-93E5-1C4934AC3BD9}.Debug|x64.Build.0 = Debug|Any CPU
		{4B65B601-296D-45F4-93E5-1C4934AC3BD9}.Debug|x86.ActiveCfg = Debug|Any CPU
		{4B65B601-296D-45F4-93E5-1C4934AC3BD9}.Debug|x86.Build.0 = Debug|Any CPU
		{4B65B601-296D-45F4-93E5-1C4934AC3BD9}.Release|Any CPU.ActiveCfg = Release|Any CPU
		{4B65B601-296D-45F4-93E5-1C4934AC3BD9}.Release|Any CPU.Build.0 = Release|Any CPU
		{4B65B601-296D-45F4-93E5-1C4934AC3BD9}.Release|x64.ActiveCfg = Release|Any CPU
		{4B65B601-296D-45F4-93E5-1C4934AC3BD9}.Release|x64.Build.0 = Release|Any CPU
		{4B65B601-296D-45F4-93E5-1C4934AC3BD9}.Release|x86.ActiveCfg = Release|Any CPU
		{4B65B601-296D-45F4-93E5-1C4934AC3BD9}.Release|x86.Build.0 = Release|Any CPU
		{48142F09-D770-43E6-9E55-0F0D91153732}.Debug|Any CPU.ActiveCfg = Debug|Any CPU
		{48142F09-D770-43E6-9E55-0F0D91153732}.Debug|Any CPU.Build.0 = Debug|Any CPU
		{48142F09-D770-43E6-9E55-0F0D91153732}.Debug|x64.ActiveCfg = Debug|Any CPU
		{48142F09-D770-43E6-9E55-0F0D91153732}.Debug|x64.Build.0 = Debug|Any CPU
		{48142F09-D770-43E6-9E55-0F0D91153732}.Debug|x86.ActiveCfg = Debug|Any CPU
		{48142F09-D770-43E6-9E55-0F0D91153732}.Debug|x86.Build.0 = Debug|Any CPU
		{48142F09-D770-43E6-9E55-0F0D91153732}.Release|Any CPU.ActiveCfg = Release|Any CPU
		{48142F09-D770-43E6-9E55-0F0D91153732}.Release|Any CPU.Build.0 = Release|Any CPU
		{48142F09-D770-43E6-9E55-0F0D91153732}.Release|x64.ActiveCfg = Release|Any CPU
		{48142F09-D770-43E6-9E55-0F0D91153732}.Release|x64.Build.0 = Release|Any CPU
		{48142F09-D770-43E6-9E55-0F0D91153732}.Release|x86.ActiveCfg = Release|Any CPU
		{48142F09-D770-43E6-9E55-0F0D91153732}.Release|x86.Build.0 = Release|Any CPU
		{EC30874C-4C2E-43DB-91FE-8DD8A4BDD8B4}.Debug|Any CPU.ActiveCfg = Debug|Any CPU
		{EC30874C-4C2E-43DB-91FE-8DD8A4BDD8B4}.Debug|Any CPU.Build.0 = Debug|Any CPU
		{EC30874C-4C2E-43DB-91FE-8DD8A4BDD8B4}.Debug|x64.ActiveCfg = Debug|Any CPU
		{EC30874C-4C2E-43DB-91FE-8DD8A4BDD8B4}.Debug|x64.Build.0 = Debug|Any CPU
		{EC30874C-4C2E-43DB-91FE-8DD8A4BDD8B4}.Debug|x86.ActiveCfg = Debug|Any CPU
		{EC30874C-4C2E-43DB-91FE-8DD8A4BDD8B4}.Debug|x86.Build.0 = Debug|Any CPU
		{EC30874C-4C2E-43DB-91FE-8DD8A4BDD8B4}.Release|Any CPU.ActiveCfg = Release|Any CPU
		{EC30874C-4C2E-43DB-91FE-8DD8A4BDD8B4}.Release|Any CPU.Build.0 = Release|Any CPU
		{EC30874C-4C2E-43DB-91FE-8DD8A4BDD8B4}.Release|x64.ActiveCfg = Release|Any CPU
		{EC30874C-4C2E-43DB-91FE-8DD8A4BDD8B4}.Release|x64.Build.0 = Release|Any CPU
		{EC30874C-4C2E-43DB-91FE-8DD8A4BDD8B4}.Release|x86.ActiveCfg = Release|Any CPU
		{EC30874C-4C2E-43DB-91FE-8DD8A4BDD8B4}.Release|x86.Build.0 = Release|Any CPU
		{451527BD-6210-4049-A356-2E73503C20A5}.Debug|Any CPU.ActiveCfg = Debug|Any CPU
		{451527BD-6210-4049-A356-2E73503C20A5}.Debug|Any CPU.Build.0 = Debug|Any CPU
		{451527BD-6210-4049-A356-2E73503C20A5}.Debug|x64.ActiveCfg = Debug|Any CPU
		{451527BD-6210-4049-A356-2E73503C20A5}.Debug|x64.Build.0 = Debug|Any CPU
		{451527BD-6210-4049-A356-2E73503C20A5}.Debug|x86.ActiveCfg = Debug|Any CPU
		{451527BD-6210-4049-A356-2E73503C20A5}.Debug|x86.Build.0 = Debug|Any CPU
		{451527BD-6210-4049-A356-2E73503C20A5}.Release|Any CPU.ActiveCfg = Release|Any CPU
		{451527BD-6210-4049-A356-2E73503C20A5}.Release|Any CPU.Build.0 = Release|Any CPU
		{451527BD-6210-4049-A356-2E73503C20A5}.Release|x64.ActiveCfg = Release|Any CPU
		{451527BD-6210-4049-A356-2E73503C20A5}.Release|x64.Build.0 = Release|Any CPU
		{451527BD-6210-4049-A356-2E73503C20A5}.Release|x86.ActiveCfg = Release|Any CPU
		{451527BD-6210-4049-A356-2E73503C20A5}.Release|x86.Build.0 = Release|Any CPU
		{AD5AD011-4968-4786-BCCC-9E5D5E453807}.Debug|Any CPU.ActiveCfg = Debug|Any CPU
		{AD5AD011-4968-4786-BCCC-9E5D5E453807}.Debug|Any CPU.Build.0 = Debug|Any CPU
		{AD5AD011-4968-4786-BCCC-9E5D5E453807}.Debug|x64.ActiveCfg = Debug|Any CPU
		{AD5AD011-4968-4786-BCCC-9E5D5E453807}.Debug|x64.Build.0 = Debug|Any CPU
		{AD5AD011-4968-4786-BCCC-9E5D5E453807}.Debug|x86.ActiveCfg = Debug|Any CPU
		{AD5AD011-4968-4786-BCCC-9E5D5E453807}.Debug|x86.Build.0 = Debug|Any CPU
		{AD5AD011-4968-4786-BCCC-9E5D5E453807}.Release|Any CPU.ActiveCfg = Release|Any CPU
		{AD5AD011-4968-4786-BCCC-9E5D5E453807}.Release|Any CPU.Build.0 = Release|Any CPU
		{AD5AD011-4968-4786-BCCC-9E5D5E453807}.Release|x64.ActiveCfg = Release|Any CPU
		{AD5AD011-4968-4786-BCCC-9E5D5E453807}.Release|x64.Build.0 = Release|Any CPU
		{AD5AD011-4968-4786-BCCC-9E5D5E453807}.Release|x86.ActiveCfg = Release|Any CPU
		{AD5AD011-4968-4786-BCCC-9E5D5E453807}.Release|x86.Build.0 = Release|Any CPU
	EndGlobalSection
	GlobalSection(SolutionProperties) = preSolution
		HideSolutionNode = FALSE
	EndGlobalSection
	GlobalSection(ExtensibilityGlobals) = postSolution
		SolutionGuid = {02231147-35D9-4207-9DF1-57E4B4C65436}
	EndGlobalSection
EndGlobal
